
Microsoft Visual Studio Solution File, Format Version 12.00
# Visual Studio Version 17
VisualStudioVersion = 17.1.32210.238
MinimumVisualStudioVersion = 10.0.40219.1
Project("{2150E333-8FDC-42A3-9474-1A3956D46DE8}") = "src", "src", "{4827B3EC-73D8-436D-AE2A-5E29AC95FD0C}"
EndProject
Project("{2150E333-8FDC-42A3-9474-1A3956D46DE8}") = "sandbox", "sandbox", "{95A69671-16CA-4133-981C-CC381B7AAA30}"
	ProjectSection(SolutionItems) = preProject
		sandbox\shell.nix = sandbox\shell.nix
		sandbox\Directory.Build.props = sandbox\Directory.Build.props
	EndProjectSection
EndProject
Project("{2150E333-8FDC-42A3-9474-1A3956D46DE8}") = "tests", "tests", "{C526E8AB-739A-48D7-8FC4-048978C9B650}"
EndProject
Project("{9A19103F-16F7-4668-BE54-9A1E7A4F7556}") = "NATS.Client.Core", "src\NATS.Client.Core\NATS.Client.Core.csproj", "{702B4B02-7FEC-42A1-A399-6F39D4E2CA29}"
EndProject
Project("{9A19103F-16F7-4668-BE54-9A1E7A4F7556}") = "ConsoleApp", "sandbox\ConsoleApp\ConsoleApp.csproj", "{7FE6D43B-181E-485E-8C14-35EAA0EBF09A}"
EndProject
Project("{9A19103F-16F7-4668-BE54-9A1E7A4F7556}") = "NATS.Client.Core.Tests", "tests\NATS.Client.Core.Tests\NATS.Client.Core.Tests.csproj", "{D60B2ADF-450D-4F8F-A3C5-7803D36FE06B}"
EndProject
Project("{9A19103F-16F7-4668-BE54-9A1E7A4F7556}") = "MicroBenchmark", "sandbox\MicroBenchmark\MicroBenchmark.csproj", "{A10F0D89-13F3-49B3-ACF7-66E45DC95225}"
EndProject
Project("{2150E333-8FDC-42A3-9474-1A3956D46DE8}") = "files", "files", "{899BE3EA-C5CA-4394-9B62-C45CBFF3AF4E}"
	ProjectSection(SolutionItems) = preProject
		.editorconfig = .editorconfig
		.github\workflows\build-debug.yml = .github\workflows\build-debug.yml
		.github\workflows\build-release.yml = .github\workflows\build-release.yml
		Directory.Build.props = Directory.Build.props
	EndProjectSection
EndProject
Project("{9A19103F-16F7-4668-BE54-9A1E7A4F7556}") = "NATS.Client.Hosting", "src\NATS.Client.Hosting\NATS.Client.Hosting.csproj", "{D3F09B30-1ED5-48C2-81CD-A2AD88E751AC}"
EndProject
Project("{9A19103F-16F7-4668-BE54-9A1E7A4F7556}") = "MinimumWebApp", "sandbox\MinimumWebApp\MinimumWebApp.csproj", "{44881DEE-8B49-44EA-B0BA-8BDA4F706E1A}"
EndProject
Project("{2150E333-8FDC-42A3-9474-1A3956D46DE8}") = "BlazorWasm", "BlazorWasm", "{326017A7-18B3-4567-B9F9-5521E4467198}"
EndProject
Project("{FAE04EC0-301F-11D3-BF4B-00C04F79EFBC}") = "BlazorWasm.Client", "sandbox\BlazorWasm\Client\BlazorWasm.Client.csproj", "{EFBCEF7F-51AA-4717-8E3E-304B6506F1AC}"
EndProject
Project("{FAE04EC0-301F-11D3-BF4B-00C04F79EFBC}") = "BlazorWasm.Server", "sandbox\BlazorWasm\Server\BlazorWasm.Server.csproj", "{36B9F490-681F-432D-B8FA-64440EC076D9}"
EndProject
Project("{FAE04EC0-301F-11D3-BF4B-00C04F79EFBC}") = "BlazorWasm.Shared", "sandbox\BlazorWasm\Shared\BlazorWasm.Shared.csproj", "{35D141D0-F80A-4E9B-A2AA-A1AEA925C9C2}"
EndProject
Project("{FAE04EC0-301F-11D3-BF4B-00C04F79EFBC}") = "Example.Core.SubscribeRaw", "sandbox\Example.Core.SubscribeRaw\Example.Core.SubscribeRaw.csproj", "{07217C71-7260-4C5B-B405-75905E5BC76B}"
EndProject
Project("{FAE04EC0-301F-11D3-BF4B-00C04F79EFBC}") = "Example.Core.SubscribeModel", "sandbox\Example.Core.SubscribeModel\Example.Core.SubscribeModel.csproj", "{6E000410-7557-46F0-BACC-10CD31FF1D5B}"
EndProject
Project("{FAE04EC0-301F-11D3-BF4B-00C04F79EFBC}") = "Example.Core.SubscribeQueueGroup", "sandbox\Example.Core.SubscribeQueueGroup\Example.Core.SubscribeQueueGroup.csproj", "{C85BA135-3C21-4027-BE5A-849E1011DD0A}"
EndProject
Project("{FAE04EC0-301F-11D3-BF4B-00C04F79EFBC}") = "Example.Core.PublishModel", "sandbox\Example.Core.PublishModel\Example.Core.PublishModel.csproj", "{29F96D05-D02F-4610-A8FB-3527BF83C4A5}"
EndProject
Project("{FAE04EC0-301F-11D3-BF4B-00C04F79EFBC}") = "NATS.Client.Core.MemoryTests", "tests\NATS.Client.Core.MemoryTests\NATS.Client.Core.MemoryTests.csproj", "{B26DE6AC-A4D5-4427-8453-EE3514E4B513}"
EndProject
Project("{FAE04EC0-301F-11D3-BF4B-00C04F79EFBC}") = "Example.Core.PublishHeaders", "sandbox\Example.Core.PublishHeaders\Example.Core.PublishHeaders.csproj", "{B0C82F24-BDEC-4420-A02A-F74E2423D755}"
EndProject
Project("{FAE04EC0-301F-11D3-BF4B-00C04F79EFBC}") = "Example.Core.SubscribeHeaders", "sandbox\Example.Core.SubscribeHeaders\Example.Core.SubscribeHeaders.csproj", "{A96660DB-DAEB-4C57-8096-F236AC4FA927}"
EndProject
Project("{FAE04EC0-301F-11D3-BF4B-00C04F79EFBC}") = "NATS.Client.JetStream", "src\NATS.Client.JetStream\NATS.Client.JetStream.csproj", "{56A9B885-6B7E-4BC6-AED0-ADC67C9A68DB}"
EndProject
Project("{FAE04EC0-301F-11D3-BF4B-00C04F79EFBC}") = "NATS.Client.JetStream.Tests", "tests\NATS.Client.JetStream.Tests\NATS.Client.JetStream.Tests.csproj", "{2D39F649-C512-4EE5-9DFA-7BD4D9E4F145}"
EndProject
Project("{FAE04EC0-301F-11D3-BF4B-00C04F79EFBC}") = "NATS.Client.TestUtilities", "tests\NATS.Client.TestUtilities\NATS.Client.TestUtilities.csproj", "{90E5BF38-70C1-460A-9177-CE42815BDBF5}"
EndProject
Project("{2150E333-8FDC-42A3-9474-1A3956D46DE8}") = "tools", "tools", "{BD234E2E-F51A-4B18-B8BE-8AF6D546BF87}"
EndProject
Project("{FAE04EC0-301F-11D3-BF4B-00C04F79EFBC}") = "Schema.Generation", "tools\Schema.Generation\Schema.Generation.csproj", "{B7DD4A9C-2D24-4772-951E-86A665C59ADF}"
EndProject
Project("{FAE04EC0-301F-11D3-BF4B-00C04F79EFBC}") = "NATS.Client.Perf", "tests\NATS.Client.Perf\NATS.Client.Perf.csproj", "{ADF66CBA-4F3E-4E91-9842-E194E3BC06A1}"
EndProject
Project("{FAE04EC0-301F-11D3-BF4B-00C04F79EFBC}") = "Example.JetStream.PullConsumer", "sandbox\Example.JetStream.PullConsumer\Example.JetStream.PullConsumer.csproj", "{3A9FC281-3B81-4D63-A76B-E1127C1D2241}"
EndProject
Project("{FAE04EC0-301F-11D3-BF4B-00C04F79EFBC}") = "NATS.Client.KeyValueStore", "src\NATS.Client.KeyValueStore\NATS.Client.KeyValueStore.csproj", "{A102AB7B-A90C-4717-B17C-045240838060}"
EndProject
Project("{FAE04EC0-301F-11D3-BF4B-00C04F79EFBC}") = "NATS.Client.KeyValueStore.Tests", "tests\NATS.Client.KeyValueStore.Tests\NATS.Client.KeyValueStore.Tests.csproj", "{908F2CED-CAC0-4A4E-AD19-362A413B5DA4}"
EndProject
Project("{FAE04EC0-301F-11D3-BF4B-00C04F79EFBC}") = "Example.KeyValueStore.Watcher", "sandbox\Example.KeyValueStore.Watcher\Example.KeyValueStore.Watcher.csproj", "{912A4F2F-1BD1-4AE2-BAB8-5A49C221DB53}"
EndProject
Project("{FAE04EC0-301F-11D3-BF4B-00C04F79EFBC}") = "NATS.Client.ObjectStore", "src\NATS.Client.ObjectStore\NATS.Client.ObjectStore.csproj", "{3F8840BA-4F91-4359-AA53-6B26823E7F55}"
EndProject
Project("{FAE04EC0-301F-11D3-BF4B-00C04F79EFBC}") = "NATS.Client.ObjectStore.Tests", "tests\NATS.Client.ObjectStore.Tests\NATS.Client.ObjectStore.Tests.csproj", "{BB2F4EEE-1AB3-43F7-B004-6C9B3D52353E}"
EndProject
Project("{FAE04EC0-301F-11D3-BF4B-00C04F79EFBC}") = "Example.ObjectStore", "sandbox\Example.ObjectStore\Example.ObjectStore.csproj", "{51882883-A66E-4F95-A1AB-CFCBF71B4376}"
EndProject
Project("{FAE04EC0-301F-11D3-BF4B-00C04F79EFBC}") = "Nats.Client.Compat", "tests\Nats.Client.Compat\Nats.Client.Compat.csproj", "{35578296-FF6C-4BA4-BEE5-C1A6E7DB7024}"
EndProject
Project("{FAE04EC0-301F-11D3-BF4B-00C04F79EFBC}") = "NATS.Client.Services", "src\NATS.Client.Services\NATS.Client.Services.csproj", "{050C63EE-8F1C-4535-9C6C-E12E62A1FF1D}"
EndProject
Project("{FAE04EC0-301F-11D3-BF4B-00C04F79EFBC}") = "NATS.Client.Services.Tests", "tests\NATS.Client.Services.Tests\NATS.Client.Services.Tests.csproj", "{749CAE39-4C1E-4627-9E31-A36B987BC453}"
EndProject
Project("{FAE04EC0-301F-11D3-BF4B-00C04F79EFBC}") = "Example.Services", "sandbox\Example.Services\Example.Services.csproj", "{DD0AB72A-D6CD-4054-A9C9-0DCA3EDBA00F}"
EndProject
Project("{FAE04EC0-301F-11D3-BF4B-00C04F79EFBC}") = "Example.TlsFirst", "sandbox\Example.TlsFirst\Example.TlsFirst.csproj", "{88625045-978F-417F-9F51-A4E3A9718945}"
EndProject
Project("{FAE04EC0-301F-11D3-BF4B-00C04F79EFBC}") = "Example.NativeAot", "sandbox\Example.NativeAot\Example.NativeAot.csproj", "{51362D87-49C8-414C-AAB7-E51B946231E7}"
EndProject
Project("{FAE04EC0-301F-11D3-BF4B-00C04F79EFBC}") = "NATS.Client.CheckNativeAot", "tests\NATS.Client.CheckNativeAot\NATS.Client.CheckNativeAot.csproj", "{CF44A42E-C075-4C5C-BE8B-3DF266FC617B}"
EndProject
Project("{FAE04EC0-301F-11D3-BF4B-00C04F79EFBC}") = "Example.ProtoBufMessages", "sandbox\Example.ProtoBufMessages\Example.ProtoBufMessages.csproj", "{9FCD9377-FE5F-4D94-BDCF-54427DB6487D}"
EndProject
Project("{FAE04EC0-301F-11D3-BF4B-00C04F79EFBC}") = "NATS.Client.Serializers.Json", "src\NATS.Client.Serializers.Json\NATS.Client.Serializers.Json.csproj", "{5B4B30A5-941B-44F9-98C6-06F0BB2242AB}"
EndProject
Project("{FAE04EC0-301F-11D3-BF4B-00C04F79EFBC}") = "NATS.Net", "src\NATS.Net\NATS.Net.csproj", "{6A7B9B9F-BFA4-4A6D-9006-0AAF597FC6DD}"
EndProject
Project("{FAE04EC0-301F-11D3-BF4B-00C04F79EFBC}") = "NATS.Net.DocsExamples", "tests\NATS.Net.DocsExamples\NATS.Net.DocsExamples.csproj", "{389C05EB-A0B3-4097-8C1F-4D55818438CC}"
EndProject
Project("{FAE04EC0-301F-11D3-BF4B-00C04F79EFBC}") = "NATS.Client.Hosting.Tests", "tests\NATS.Client.Hosting.Tests\NATS.Client.Hosting.Tests.csproj", "{766C2486-34C3-4DD1-B31C-540C17C044B0}"
EndProject
Project("{FAE04EC0-301F-11D3-BF4B-00C04F79EFBC}") = "NATS.Net.OpenTelemetry", "src\NATS.Net.OpenTelemetry\NATS.Net.OpenTelemetry.csproj", "{EC6A3E38-3906-4720-921D-BA1E439B4DE7}"
EndProject
Project("{FAE04EC0-301F-11D3-BF4B-00C04F79EFBC}") = "Example.Aspire.AppHost", "sandbox\Example.Aspire.AppHost\Example.Aspire.AppHost.csproj", "{A3961642-1F63-4939-A452-5CD3A0E4D1BF}"
EndProject
Project("{FAE04EC0-301F-11D3-BF4B-00C04F79EFBC}") = "Example.Aspire.ServiceDefaults", "sandbox\Example.Aspire.ServiceDefaults\Example.Aspire.ServiceDefaults.csproj", "{D76CE9F9-3B2D-4B0B-ABAB-C246B4869E1C}"
EndProject
Project("{FAE04EC0-301F-11D3-BF4B-00C04F79EFBC}") = "Example.Core", "sandbox\Example.Core\Example.Core.csproj", "{8BFBB88D-7596-44B9-BF67-5402A662F244}"
EndProject
Global
	GlobalSection(SolutionConfigurationPlatforms) = preSolution
		Debug|Any CPU = Debug|Any CPU
		Release|Any CPU = Release|Any CPU
	EndGlobalSection
	GlobalSection(ProjectConfigurationPlatforms) = postSolution
		{702B4B02-7FEC-42A1-A399-6F39D4E2CA29}.Debug|Any CPU.ActiveCfg = Debug|Any CPU
		{702B4B02-7FEC-42A1-A399-6F39D4E2CA29}.Debug|Any CPU.Build.0 = Debug|Any CPU
		{702B4B02-7FEC-42A1-A399-6F39D4E2CA29}.Release|Any CPU.ActiveCfg = Release|Any CPU
		{702B4B02-7FEC-42A1-A399-6F39D4E2CA29}.Release|Any CPU.Build.0 = Release|Any CPU
		{7FE6D43B-181E-485E-8C14-35EAA0EBF09A}.Debug|Any CPU.ActiveCfg = Debug|Any CPU
		{7FE6D43B-181E-485E-8C14-35EAA0EBF09A}.Debug|Any CPU.Build.0 = Debug|Any CPU
		{7FE6D43B-181E-485E-8C14-35EAA0EBF09A}.Release|Any CPU.ActiveCfg = Release|Any CPU
		{7FE6D43B-181E-485E-8C14-35EAA0EBF09A}.Release|Any CPU.Build.0 = Release|Any CPU
		{D60B2ADF-450D-4F8F-A3C5-7803D36FE06B}.Debug|Any CPU.ActiveCfg = Debug|Any CPU
		{D60B2ADF-450D-4F8F-A3C5-7803D36FE06B}.Debug|Any CPU.Build.0 = Debug|Any CPU
		{D60B2ADF-450D-4F8F-A3C5-7803D36FE06B}.Release|Any CPU.ActiveCfg = Release|Any CPU
		{D60B2ADF-450D-4F8F-A3C5-7803D36FE06B}.Release|Any CPU.Build.0 = Release|Any CPU
		{A10F0D89-13F3-49B3-ACF7-66E45DC95225}.Debug|Any CPU.ActiveCfg = Debug|Any CPU
		{A10F0D89-13F3-49B3-ACF7-66E45DC95225}.Debug|Any CPU.Build.0 = Debug|Any CPU
		{A10F0D89-13F3-49B3-ACF7-66E45DC95225}.Release|Any CPU.ActiveCfg = Release|Any CPU
		{A10F0D89-13F3-49B3-ACF7-66E45DC95225}.Release|Any CPU.Build.0 = Release|Any CPU
		{D3F09B30-1ED5-48C2-81CD-A2AD88E751AC}.Debug|Any CPU.ActiveCfg = Debug|Any CPU
		{D3F09B30-1ED5-48C2-81CD-A2AD88E751AC}.Debug|Any CPU.Build.0 = Debug|Any CPU
		{D3F09B30-1ED5-48C2-81CD-A2AD88E751AC}.Release|Any CPU.ActiveCfg = Release|Any CPU
		{D3F09B30-1ED5-48C2-81CD-A2AD88E751AC}.Release|Any CPU.Build.0 = Release|Any CPU
		{44881DEE-8B49-44EA-B0BA-8BDA4F706E1A}.Debug|Any CPU.ActiveCfg = Debug|Any CPU
		{44881DEE-8B49-44EA-B0BA-8BDA4F706E1A}.Debug|Any CPU.Build.0 = Debug|Any CPU
		{44881DEE-8B49-44EA-B0BA-8BDA4F706E1A}.Release|Any CPU.ActiveCfg = Release|Any CPU
		{44881DEE-8B49-44EA-B0BA-8BDA4F706E1A}.Release|Any CPU.Build.0 = Release|Any CPU
		{EFBCEF7F-51AA-4717-8E3E-304B6506F1AC}.Debug|Any CPU.ActiveCfg = Debug|Any CPU
		{EFBCEF7F-51AA-4717-8E3E-304B6506F1AC}.Debug|Any CPU.Build.0 = Debug|Any CPU
		{EFBCEF7F-51AA-4717-8E3E-304B6506F1AC}.Release|Any CPU.ActiveCfg = Release|Any CPU
		{EFBCEF7F-51AA-4717-8E3E-304B6506F1AC}.Release|Any CPU.Build.0 = Release|Any CPU
		{36B9F490-681F-432D-B8FA-64440EC076D9}.Debug|Any CPU.ActiveCfg = Debug|Any CPU
		{36B9F490-681F-432D-B8FA-64440EC076D9}.Debug|Any CPU.Build.0 = Debug|Any CPU
		{36B9F490-681F-432D-B8FA-64440EC076D9}.Release|Any CPU.ActiveCfg = Release|Any CPU
		{36B9F490-681F-432D-B8FA-64440EC076D9}.Release|Any CPU.Build.0 = Release|Any CPU
		{35D141D0-F80A-4E9B-A2AA-A1AEA925C9C2}.Debug|Any CPU.ActiveCfg = Debug|Any CPU
		{35D141D0-F80A-4E9B-A2AA-A1AEA925C9C2}.Debug|Any CPU.Build.0 = Debug|Any CPU
		{35D141D0-F80A-4E9B-A2AA-A1AEA925C9C2}.Release|Any CPU.ActiveCfg = Release|Any CPU
		{35D141D0-F80A-4E9B-A2AA-A1AEA925C9C2}.Release|Any CPU.Build.0 = Release|Any CPU
		{07217C71-7260-4C5B-B405-75905E5BC76B}.Debug|Any CPU.ActiveCfg = Debug|Any CPU
		{07217C71-7260-4C5B-B405-75905E5BC76B}.Debug|Any CPU.Build.0 = Debug|Any CPU
		{07217C71-7260-4C5B-B405-75905E5BC76B}.Release|Any CPU.ActiveCfg = Release|Any CPU
		{07217C71-7260-4C5B-B405-75905E5BC76B}.Release|Any CPU.Build.0 = Release|Any CPU
		{6E000410-7557-46F0-BACC-10CD31FF1D5B}.Debug|Any CPU.ActiveCfg = Debug|Any CPU
		{6E000410-7557-46F0-BACC-10CD31FF1D5B}.Debug|Any CPU.Build.0 = Debug|Any CPU
		{6E000410-7557-46F0-BACC-10CD31FF1D5B}.Release|Any CPU.ActiveCfg = Release|Any CPU
		{6E000410-7557-46F0-BACC-10CD31FF1D5B}.Release|Any CPU.Build.0 = Release|Any CPU
		{C85BA135-3C21-4027-BE5A-849E1011DD0A}.Debug|Any CPU.ActiveCfg = Debug|Any CPU
		{C85BA135-3C21-4027-BE5A-849E1011DD0A}.Debug|Any CPU.Build.0 = Debug|Any CPU
		{C85BA135-3C21-4027-BE5A-849E1011DD0A}.Release|Any CPU.ActiveCfg = Release|Any CPU
		{C85BA135-3C21-4027-BE5A-849E1011DD0A}.Release|Any CPU.Build.0 = Release|Any CPU
		{29F96D05-D02F-4610-A8FB-3527BF83C4A5}.Debug|Any CPU.ActiveCfg = Debug|Any CPU
		{29F96D05-D02F-4610-A8FB-3527BF83C4A5}.Debug|Any CPU.Build.0 = Debug|Any CPU
		{29F96D05-D02F-4610-A8FB-3527BF83C4A5}.Release|Any CPU.ActiveCfg = Release|Any CPU
		{29F96D05-D02F-4610-A8FB-3527BF83C4A5}.Release|Any CPU.Build.0 = Release|Any CPU
		{B26DE6AC-A4D5-4427-8453-EE3514E4B513}.Debug|Any CPU.ActiveCfg = Debug|Any CPU
		{B26DE6AC-A4D5-4427-8453-EE3514E4B513}.Debug|Any CPU.Build.0 = Debug|Any CPU
		{B26DE6AC-A4D5-4427-8453-EE3514E4B513}.Release|Any CPU.ActiveCfg = Release|Any CPU
		{B26DE6AC-A4D5-4427-8453-EE3514E4B513}.Release|Any CPU.Build.0 = Release|Any CPU
		{B0C82F24-BDEC-4420-A02A-F74E2423D755}.Debug|Any CPU.ActiveCfg = Debug|Any CPU
		{B0C82F24-BDEC-4420-A02A-F74E2423D755}.Debug|Any CPU.Build.0 = Debug|Any CPU
		{B0C82F24-BDEC-4420-A02A-F74E2423D755}.Release|Any CPU.ActiveCfg = Release|Any CPU
		{B0C82F24-BDEC-4420-A02A-F74E2423D755}.Release|Any CPU.Build.0 = Release|Any CPU
		{A96660DB-DAEB-4C57-8096-F236AC4FA927}.Debug|Any CPU.ActiveCfg = Debug|Any CPU
		{A96660DB-DAEB-4C57-8096-F236AC4FA927}.Debug|Any CPU.Build.0 = Debug|Any CPU
		{A96660DB-DAEB-4C57-8096-F236AC4FA927}.Release|Any CPU.ActiveCfg = Release|Any CPU
		{A96660DB-DAEB-4C57-8096-F236AC4FA927}.Release|Any CPU.Build.0 = Release|Any CPU
		{56A9B885-6B7E-4BC6-AED0-ADC67C9A68DB}.Debug|Any CPU.ActiveCfg = Debug|Any CPU
		{56A9B885-6B7E-4BC6-AED0-ADC67C9A68DB}.Debug|Any CPU.Build.0 = Debug|Any CPU
		{56A9B885-6B7E-4BC6-AED0-ADC67C9A68DB}.Release|Any CPU.ActiveCfg = Release|Any CPU
		{56A9B885-6B7E-4BC6-AED0-ADC67C9A68DB}.Release|Any CPU.Build.0 = Release|Any CPU
		{2D39F649-C512-4EE5-9DFA-7BD4D9E4F145}.Debug|Any CPU.ActiveCfg = Debug|Any CPU
		{2D39F649-C512-4EE5-9DFA-7BD4D9E4F145}.Debug|Any CPU.Build.0 = Debug|Any CPU
		{2D39F649-C512-4EE5-9DFA-7BD4D9E4F145}.Release|Any CPU.ActiveCfg = Release|Any CPU
		{2D39F649-C512-4EE5-9DFA-7BD4D9E4F145}.Release|Any CPU.Build.0 = Release|Any CPU
		{90E5BF38-70C1-460A-9177-CE42815BDBF5}.Debug|Any CPU.ActiveCfg = Debug|Any CPU
		{90E5BF38-70C1-460A-9177-CE42815BDBF5}.Debug|Any CPU.Build.0 = Debug|Any CPU
		{90E5BF38-70C1-460A-9177-CE42815BDBF5}.Release|Any CPU.ActiveCfg = Release|Any CPU
		{90E5BF38-70C1-460A-9177-CE42815BDBF5}.Release|Any CPU.Build.0 = Release|Any CPU
		{B7DD4A9C-2D24-4772-951E-86A665C59ADF}.Debug|Any CPU.ActiveCfg = Debug|Any CPU
		{B7DD4A9C-2D24-4772-951E-86A665C59ADF}.Debug|Any CPU.Build.0 = Debug|Any CPU
		{B7DD4A9C-2D24-4772-951E-86A665C59ADF}.Release|Any CPU.ActiveCfg = Release|Any CPU
		{B7DD4A9C-2D24-4772-951E-86A665C59ADF}.Release|Any CPU.Build.0 = Release|Any CPU
		{ADF66CBA-4F3E-4E91-9842-E194E3BC06A1}.Debug|Any CPU.ActiveCfg = Debug|Any CPU
		{ADF66CBA-4F3E-4E91-9842-E194E3BC06A1}.Debug|Any CPU.Build.0 = Debug|Any CPU
		{ADF66CBA-4F3E-4E91-9842-E194E3BC06A1}.Release|Any CPU.ActiveCfg = Release|Any CPU
		{ADF66CBA-4F3E-4E91-9842-E194E3BC06A1}.Release|Any CPU.Build.0 = Release|Any CPU
		{3A9FC281-3B81-4D63-A76B-E1127C1D2241}.Debug|Any CPU.ActiveCfg = Debug|Any CPU
		{3A9FC281-3B81-4D63-A76B-E1127C1D2241}.Debug|Any CPU.Build.0 = Debug|Any CPU
		{3A9FC281-3B81-4D63-A76B-E1127C1D2241}.Release|Any CPU.ActiveCfg = Release|Any CPU
		{3A9FC281-3B81-4D63-A76B-E1127C1D2241}.Release|Any CPU.Build.0 = Release|Any CPU
		{A102AB7B-A90C-4717-B17C-045240838060}.Debug|Any CPU.ActiveCfg = Debug|Any CPU
		{A102AB7B-A90C-4717-B17C-045240838060}.Debug|Any CPU.Build.0 = Debug|Any CPU
		{A102AB7B-A90C-4717-B17C-045240838060}.Release|Any CPU.ActiveCfg = Release|Any CPU
		{A102AB7B-A90C-4717-B17C-045240838060}.Release|Any CPU.Build.0 = Release|Any CPU
		{908F2CED-CAC0-4A4E-AD19-362A413B5DA4}.Debug|Any CPU.ActiveCfg = Debug|Any CPU
		{908F2CED-CAC0-4A4E-AD19-362A413B5DA4}.Debug|Any CPU.Build.0 = Debug|Any CPU
		{908F2CED-CAC0-4A4E-AD19-362A413B5DA4}.Release|Any CPU.ActiveCfg = Release|Any CPU
		{908F2CED-CAC0-4A4E-AD19-362A413B5DA4}.Release|Any CPU.Build.0 = Release|Any CPU
		{912A4F2F-1BD1-4AE2-BAB8-5A49C221DB53}.Debug|Any CPU.ActiveCfg = Debug|Any CPU
		{912A4F2F-1BD1-4AE2-BAB8-5A49C221DB53}.Debug|Any CPU.Build.0 = Debug|Any CPU
		{912A4F2F-1BD1-4AE2-BAB8-5A49C221DB53}.Release|Any CPU.ActiveCfg = Release|Any CPU
		{912A4F2F-1BD1-4AE2-BAB8-5A49C221DB53}.Release|Any CPU.Build.0 = Release|Any CPU
		{3F8840BA-4F91-4359-AA53-6B26823E7F55}.Debug|Any CPU.ActiveCfg = Debug|Any CPU
		{3F8840BA-4F91-4359-AA53-6B26823E7F55}.Debug|Any CPU.Build.0 = Debug|Any CPU
		{3F8840BA-4F91-4359-AA53-6B26823E7F55}.Release|Any CPU.ActiveCfg = Release|Any CPU
		{3F8840BA-4F91-4359-AA53-6B26823E7F55}.Release|Any CPU.Build.0 = Release|Any CPU
		{BB2F4EEE-1AB3-43F7-B004-6C9B3D52353E}.Debug|Any CPU.ActiveCfg = Debug|Any CPU
		{BB2F4EEE-1AB3-43F7-B004-6C9B3D52353E}.Debug|Any CPU.Build.0 = Debug|Any CPU
		{BB2F4EEE-1AB3-43F7-B004-6C9B3D52353E}.Release|Any CPU.ActiveCfg = Release|Any CPU
		{BB2F4EEE-1AB3-43F7-B004-6C9B3D52353E}.Release|Any CPU.Build.0 = Release|Any CPU
		{51882883-A66E-4F95-A1AB-CFCBF71B4376}.Debug|Any CPU.ActiveCfg = Debug|Any CPU
		{51882883-A66E-4F95-A1AB-CFCBF71B4376}.Debug|Any CPU.Build.0 = Debug|Any CPU
		{51882883-A66E-4F95-A1AB-CFCBF71B4376}.Release|Any CPU.ActiveCfg = Release|Any CPU
		{51882883-A66E-4F95-A1AB-CFCBF71B4376}.Release|Any CPU.Build.0 = Release|Any CPU
		{35578296-FF6C-4BA4-BEE5-C1A6E7DB7024}.Debug|Any CPU.ActiveCfg = Debug|Any CPU
		{35578296-FF6C-4BA4-BEE5-C1A6E7DB7024}.Debug|Any CPU.Build.0 = Debug|Any CPU
		{35578296-FF6C-4BA4-BEE5-C1A6E7DB7024}.Release|Any CPU.ActiveCfg = Release|Any CPU
		{35578296-FF6C-4BA4-BEE5-C1A6E7DB7024}.Release|Any CPU.Build.0 = Release|Any CPU
		{050C63EE-8F1C-4535-9C6C-E12E62A1FF1D}.Debug|Any CPU.ActiveCfg = Debug|Any CPU
		{050C63EE-8F1C-4535-9C6C-E12E62A1FF1D}.Debug|Any CPU.Build.0 = Debug|Any CPU
		{050C63EE-8F1C-4535-9C6C-E12E62A1FF1D}.Release|Any CPU.ActiveCfg = Release|Any CPU
		{050C63EE-8F1C-4535-9C6C-E12E62A1FF1D}.Release|Any CPU.Build.0 = Release|Any CPU
		{749CAE39-4C1E-4627-9E31-A36B987BC453}.Debug|Any CPU.ActiveCfg = Debug|Any CPU
		{749CAE39-4C1E-4627-9E31-A36B987BC453}.Debug|Any CPU.Build.0 = Debug|Any CPU
		{749CAE39-4C1E-4627-9E31-A36B987BC453}.Release|Any CPU.ActiveCfg = Release|Any CPU
		{749CAE39-4C1E-4627-9E31-A36B987BC453}.Release|Any CPU.Build.0 = Release|Any CPU
		{DD0AB72A-D6CD-4054-A9C9-0DCA3EDBA00F}.Debug|Any CPU.ActiveCfg = Debug|Any CPU
		{DD0AB72A-D6CD-4054-A9C9-0DCA3EDBA00F}.Debug|Any CPU.Build.0 = Debug|Any CPU
		{DD0AB72A-D6CD-4054-A9C9-0DCA3EDBA00F}.Release|Any CPU.ActiveCfg = Release|Any CPU
		{DD0AB72A-D6CD-4054-A9C9-0DCA3EDBA00F}.Release|Any CPU.Build.0 = Release|Any CPU
		{88625045-978F-417F-9F51-A4E3A9718945}.Debug|Any CPU.ActiveCfg = Debug|Any CPU
		{88625045-978F-417F-9F51-A4E3A9718945}.Debug|Any CPU.Build.0 = Debug|Any CPU
		{88625045-978F-417F-9F51-A4E3A9718945}.Release|Any CPU.ActiveCfg = Release|Any CPU
		{88625045-978F-417F-9F51-A4E3A9718945}.Release|Any CPU.Build.0 = Release|Any CPU
		{51362D87-49C8-414C-AAB7-E51B946231E7}.Debug|Any CPU.ActiveCfg = Debug|Any CPU
		{51362D87-49C8-414C-AAB7-E51B946231E7}.Debug|Any CPU.Build.0 = Debug|Any CPU
		{51362D87-49C8-414C-AAB7-E51B946231E7}.Release|Any CPU.ActiveCfg = Release|Any CPU
		{51362D87-49C8-414C-AAB7-E51B946231E7}.Release|Any CPU.Build.0 = Release|Any CPU
		{CF44A42E-C075-4C5C-BE8B-3DF266FC617B}.Debug|Any CPU.ActiveCfg = Debug|Any CPU
		{CF44A42E-C075-4C5C-BE8B-3DF266FC617B}.Debug|Any CPU.Build.0 = Debug|Any CPU
		{CF44A42E-C075-4C5C-BE8B-3DF266FC617B}.Release|Any CPU.ActiveCfg = Release|Any CPU
		{CF44A42E-C075-4C5C-BE8B-3DF266FC617B}.Release|Any CPU.Build.0 = Release|Any CPU
		{9FCD9377-FE5F-4D94-BDCF-54427DB6487D}.Debug|Any CPU.ActiveCfg = Debug|Any CPU
		{9FCD9377-FE5F-4D94-BDCF-54427DB6487D}.Debug|Any CPU.Build.0 = Debug|Any CPU
		{9FCD9377-FE5F-4D94-BDCF-54427DB6487D}.Release|Any CPU.ActiveCfg = Release|Any CPU
		{9FCD9377-FE5F-4D94-BDCF-54427DB6487D}.Release|Any CPU.Build.0 = Release|Any CPU
		{5B4B30A5-941B-44F9-98C6-06F0BB2242AB}.Debug|Any CPU.ActiveCfg = Debug|Any CPU
		{5B4B30A5-941B-44F9-98C6-06F0BB2242AB}.Debug|Any CPU.Build.0 = Debug|Any CPU
		{5B4B30A5-941B-44F9-98C6-06F0BB2242AB}.Release|Any CPU.ActiveCfg = Release|Any CPU
		{5B4B30A5-941B-44F9-98C6-06F0BB2242AB}.Release|Any CPU.Build.0 = Release|Any CPU
		{6A7B9B9F-BFA4-4A6D-9006-0AAF597FC6DD}.Debug|Any CPU.ActiveCfg = Debug|Any CPU
		{6A7B9B9F-BFA4-4A6D-9006-0AAF597FC6DD}.Debug|Any CPU.Build.0 = Debug|Any CPU
		{6A7B9B9F-BFA4-4A6D-9006-0AAF597FC6DD}.Release|Any CPU.ActiveCfg = Release|Any CPU
		{6A7B9B9F-BFA4-4A6D-9006-0AAF597FC6DD}.Release|Any CPU.Build.0 = Release|Any CPU
		{389C05EB-A0B3-4097-8C1F-4D55818438CC}.Debug|Any CPU.ActiveCfg = Debug|Any CPU
		{389C05EB-A0B3-4097-8C1F-4D55818438CC}.Debug|Any CPU.Build.0 = Debug|Any CPU
		{389C05EB-A0B3-4097-8C1F-4D55818438CC}.Release|Any CPU.ActiveCfg = Release|Any CPU
		{389C05EB-A0B3-4097-8C1F-4D55818438CC}.Release|Any CPU.Build.0 = Release|Any CPU
		{766C2486-34C3-4DD1-B31C-540C17C044B0}.Debug|Any CPU.ActiveCfg = Debug|Any CPU
		{766C2486-34C3-4DD1-B31C-540C17C044B0}.Debug|Any CPU.Build.0 = Debug|Any CPU
		{766C2486-34C3-4DD1-B31C-540C17C044B0}.Release|Any CPU.ActiveCfg = Release|Any CPU
		{766C2486-34C3-4DD1-B31C-540C17C044B0}.Release|Any CPU.Build.0 = Release|Any CPU
		{EC6A3E38-3906-4720-921D-BA1E439B4DE7}.Debug|Any CPU.ActiveCfg = Debug|Any CPU
		{EC6A3E38-3906-4720-921D-BA1E439B4DE7}.Debug|Any CPU.Build.0 = Debug|Any CPU
		{EC6A3E38-3906-4720-921D-BA1E439B4DE7}.Release|Any CPU.ActiveCfg = Release|Any CPU
		{EC6A3E38-3906-4720-921D-BA1E439B4DE7}.Release|Any CPU.Build.0 = Release|Any CPU
		{A3961642-1F63-4939-A452-5CD3A0E4D1BF}.Debug|Any CPU.ActiveCfg = Debug|Any CPU
		{A3961642-1F63-4939-A452-5CD3A0E4D1BF}.Debug|Any CPU.Build.0 = Debug|Any CPU
		{A3961642-1F63-4939-A452-5CD3A0E4D1BF}.Release|Any CPU.ActiveCfg = Release|Any CPU
		{A3961642-1F63-4939-A452-5CD3A0E4D1BF}.Release|Any CPU.Build.0 = Release|Any CPU
		{D76CE9F9-3B2D-4B0B-ABAB-C246B4869E1C}.Debug|Any CPU.ActiveCfg = Debug|Any CPU
		{D76CE9F9-3B2D-4B0B-ABAB-C246B4869E1C}.Debug|Any CPU.Build.0 = Debug|Any CPU
		{D76CE9F9-3B2D-4B0B-ABAB-C246B4869E1C}.Release|Any CPU.ActiveCfg = Release|Any CPU
		{D76CE9F9-3B2D-4B0B-ABAB-C246B4869E1C}.Release|Any CPU.Build.0 = Release|Any CPU
		{8BFBB88D-7596-44B9-BF67-5402A662F244}.Debug|Any CPU.ActiveCfg = Debug|Any CPU
		{8BFBB88D-7596-44B9-BF67-5402A662F244}.Debug|Any CPU.Build.0 = Debug|Any CPU
		{8BFBB88D-7596-44B9-BF67-5402A662F244}.Release|Any CPU.ActiveCfg = Release|Any CPU
		{8BFBB88D-7596-44B9-BF67-5402A662F244}.Release|Any CPU.Build.0 = Release|Any CPU
	EndGlobalSection
	GlobalSection(SolutionProperties) = preSolution
		HideSolutionNode = FALSE
	EndGlobalSection
	GlobalSection(NestedProjects) = preSolution
		{702B4B02-7FEC-42A1-A399-6F39D4E2CA29} = {4827B3EC-73D8-436D-AE2A-5E29AC95FD0C}
		{7FE6D43B-181E-485E-8C14-35EAA0EBF09A} = {95A69671-16CA-4133-981C-CC381B7AAA30}
		{D60B2ADF-450D-4F8F-A3C5-7803D36FE06B} = {C526E8AB-739A-48D7-8FC4-048978C9B650}
		{A10F0D89-13F3-49B3-ACF7-66E45DC95225} = {95A69671-16CA-4133-981C-CC381B7AAA30}
		{D3F09B30-1ED5-48C2-81CD-A2AD88E751AC} = {4827B3EC-73D8-436D-AE2A-5E29AC95FD0C}
		{44881DEE-8B49-44EA-B0BA-8BDA4F706E1A} = {95A69671-16CA-4133-981C-CC381B7AAA30}
		{326017A7-18B3-4567-B9F9-5521E4467198} = {95A69671-16CA-4133-981C-CC381B7AAA30}
		{EFBCEF7F-51AA-4717-8E3E-304B6506F1AC} = {326017A7-18B3-4567-B9F9-5521E4467198}
		{36B9F490-681F-432D-B8FA-64440EC076D9} = {326017A7-18B3-4567-B9F9-5521E4467198}
		{35D141D0-F80A-4E9B-A2AA-A1AEA925C9C2} = {326017A7-18B3-4567-B9F9-5521E4467198}
		{07217C71-7260-4C5B-B405-75905E5BC76B} = {95A69671-16CA-4133-981C-CC381B7AAA30}
		{6E000410-7557-46F0-BACC-10CD31FF1D5B} = {95A69671-16CA-4133-981C-CC381B7AAA30}
		{C85BA135-3C21-4027-BE5A-849E1011DD0A} = {95A69671-16CA-4133-981C-CC381B7AAA30}
		{29F96D05-D02F-4610-A8FB-3527BF83C4A5} = {95A69671-16CA-4133-981C-CC381B7AAA30}
		{B26DE6AC-A4D5-4427-8453-EE3514E4B513} = {C526E8AB-739A-48D7-8FC4-048978C9B650}
		{B0C82F24-BDEC-4420-A02A-F74E2423D755} = {95A69671-16CA-4133-981C-CC381B7AAA30}
		{A96660DB-DAEB-4C57-8096-F236AC4FA927} = {95A69671-16CA-4133-981C-CC381B7AAA30}
		{56A9B885-6B7E-4BC6-AED0-ADC67C9A68DB} = {4827B3EC-73D8-436D-AE2A-5E29AC95FD0C}
		{2D39F649-C512-4EE5-9DFA-7BD4D9E4F145} = {C526E8AB-739A-48D7-8FC4-048978C9B650}
		{90E5BF38-70C1-460A-9177-CE42815BDBF5} = {C526E8AB-739A-48D7-8FC4-048978C9B650}
		{B7DD4A9C-2D24-4772-951E-86A665C59ADF} = {BD234E2E-F51A-4B18-B8BE-8AF6D546BF87}
		{ADF66CBA-4F3E-4E91-9842-E194E3BC06A1} = {C526E8AB-739A-48D7-8FC4-048978C9B650}
		{3A9FC281-3B81-4D63-A76B-E1127C1D2241} = {95A69671-16CA-4133-981C-CC381B7AAA30}
		{A102AB7B-A90C-4717-B17C-045240838060} = {4827B3EC-73D8-436D-AE2A-5E29AC95FD0C}
		{908F2CED-CAC0-4A4E-AD19-362A413B5DA4} = {C526E8AB-739A-48D7-8FC4-048978C9B650}
		{912A4F2F-1BD1-4AE2-BAB8-5A49C221DB53} = {95A69671-16CA-4133-981C-CC381B7AAA30}
		{3F8840BA-4F91-4359-AA53-6B26823E7F55} = {4827B3EC-73D8-436D-AE2A-5E29AC95FD0C}
		{BB2F4EEE-1AB3-43F7-B004-6C9B3D52353E} = {C526E8AB-739A-48D7-8FC4-048978C9B650}
		{51882883-A66E-4F95-A1AB-CFCBF71B4376} = {95A69671-16CA-4133-981C-CC381B7AAA30}
		{35578296-FF6C-4BA4-BEE5-C1A6E7DB7024} = {C526E8AB-739A-48D7-8FC4-048978C9B650}
		{050C63EE-8F1C-4535-9C6C-E12E62A1FF1D} = {4827B3EC-73D8-436D-AE2A-5E29AC95FD0C}
		{749CAE39-4C1E-4627-9E31-A36B987BC453} = {C526E8AB-739A-48D7-8FC4-048978C9B650}
		{DD0AB72A-D6CD-4054-A9C9-0DCA3EDBA00F} = {95A69671-16CA-4133-981C-CC381B7AAA30}
		{88625045-978F-417F-9F51-A4E3A9718945} = {95A69671-16CA-4133-981C-CC381B7AAA30}
		{51362D87-49C8-414C-AAB7-E51B946231E7} = {95A69671-16CA-4133-981C-CC381B7AAA30}
		{CF44A42E-C075-4C5C-BE8B-3DF266FC617B} = {C526E8AB-739A-48D7-8FC4-048978C9B650}
		{9FCD9377-FE5F-4D94-BDCF-54427DB6487D} = {95A69671-16CA-4133-981C-CC381B7AAA30}
		{5B4B30A5-941B-44F9-98C6-06F0BB2242AB} = {4827B3EC-73D8-436D-AE2A-5E29AC95FD0C}
		{6A7B9B9F-BFA4-4A6D-9006-0AAF597FC6DD} = {4827B3EC-73D8-436D-AE2A-5E29AC95FD0C}
		{389C05EB-A0B3-4097-8C1F-4D55818438CC} = {C526E8AB-739A-48D7-8FC4-048978C9B650}
		{766C2486-34C3-4DD1-B31C-540C17C044B0} = {C526E8AB-739A-48D7-8FC4-048978C9B650}
		{EC6A3E38-3906-4720-921D-BA1E439B4DE7} = {4827B3EC-73D8-436D-AE2A-5E29AC95FD0C}
		{A3961642-1F63-4939-A452-5CD3A0E4D1BF} = {95A69671-16CA-4133-981C-CC381B7AAA30}
		{D76CE9F9-3B2D-4B0B-ABAB-C246B4869E1C} = {95A69671-16CA-4133-981C-CC381B7AAA30}
		{8BFBB88D-7596-44B9-BF67-5402A662F244} = {95A69671-16CA-4133-981C-CC381B7AAA30}
	EndGlobalSection
	GlobalSection(ExtensibilityGlobals) = postSolution
		SolutionGuid = {8CBB7278-D093-448E-B3DE-B5991209A1AA}
	EndGlobalSection
EndGlobal
